# This file is generated by running "yarn install" inside your project.
# Manual changes might be lost - proceed with caution!

__metadata:
  version: 8
  cacheKey: 10c0

"@emnapi/core@npm:^1.1.0":
  version: 1.3.1
  resolution: "@emnapi/core@npm:1.3.1"
  dependencies:
    "@emnapi/wasi-threads": "npm:1.0.1"
    tslib: "npm:^2.4.0"
  checksum: 10c0/d3be1044ad704e2c486641bc18908523490f28c7d38bd12d9c1d4ce37d39dae6c4aecd2f2eaf44c6e3bd90eaf04e0591acc440b1b038cdf43cce078a355a0ea0
  languageName: node
  linkType: hard

"@emnapi/runtime@npm:^1.1.0":
  version: 1.3.1
  resolution: "@emnapi/runtime@npm:1.3.1"
  dependencies:
    tslib: "npm:^2.4.0"
  checksum: 10c0/060ffede50f1b619c15083312b80a9e62a5b0c87aa8c1b54854c49766c9d69f8d1d3d87bd963a647071263a320db41b25eaa50b74d6a80dcc763c23dbeaafd6c
  languageName: node
  linkType: hard

"@emnapi/wasi-threads@npm:1.0.1":
  version: 1.0.1
  resolution: "@emnapi/wasi-threads@npm:1.0.1"
  dependencies:
    tslib: "npm:^2.4.0"
  checksum: 10c0/1e0c8036b8d53e9b07cc9acf021705ef6c86ab6b13e1acda7fffaf541a2d3565072afb92597419173ced9ea14f6bf32fce149106e669b5902b825e8b499e5c6c
  languageName: node
  linkType: hard

"@napi-rs/wasm-runtime@npm:^0.2.4":
  version: 0.2.5
  resolution: "@napi-rs/wasm-runtime@npm:0.2.5"
  dependencies:
    "@emnapi/core": "npm:^1.1.0"
    "@emnapi/runtime": "npm:^1.1.0"
    "@tybys/wasm-util": "npm:^0.9.0"
  checksum: 10c0/32ea8defd3cc380bcf0de6ffc39a3b9cbe746f6c64000e0f0996a96dc776a7e87df7efeba5ce94e53d8b0ff2cda42f5a54673bdfeedbe8f037426255aba853f7
  languageName: node
  linkType: hard

"@oxc-resolver/binding-darwin-arm64@npm:1.12.0":
  version: 1.12.0
  resolution: "@oxc-resolver/binding-darwin-arm64@npm:1.12.0"
  conditions: os=darwin & cpu=arm64
  languageName: node
  linkType: hard

"@oxc-resolver/binding-darwin-x64@npm:1.12.0":
  version: 1.12.0
  resolution: "@oxc-resolver/binding-darwin-x64@npm:1.12.0"
  conditions: os=darwin & cpu=x64
  languageName: node
  linkType: hard

"@oxc-resolver/binding-freebsd-x64@npm:1.12.0":
  version: 1.12.0
  resolution: "@oxc-resolver/binding-freebsd-x64@npm:1.12.0"
  conditions: os=freebsd & cpu=x64
  languageName: node
  linkType: hard

"@oxc-resolver/binding-linux-arm-gnueabihf@npm:1.12.0":
  version: 1.12.0
  resolution: "@oxc-resolver/binding-linux-arm-gnueabihf@npm:1.12.0"
  conditions: os=linux & cpu=arm
  languageName: node
  linkType: hard

"@oxc-resolver/binding-linux-arm64-gnu@npm:1.12.0":
  version: 1.12.0
  resolution: "@oxc-resolver/binding-linux-arm64-gnu@npm:1.12.0"
  conditions: os=linux & cpu=arm64 & libc=glibc
  languageName: node
  linkType: hard

"@oxc-resolver/binding-linux-arm64-musl@npm:1.12.0":
  version: 1.12.0
  resolution: "@oxc-resolver/binding-linux-arm64-musl@npm:1.12.0"
  conditions: os=linux & cpu=arm64 & libc=musl
  languageName: node
  linkType: hard

"@oxc-resolver/binding-linux-x64-gnu@npm:1.12.0":
  version: 1.12.0
  resolution: "@oxc-resolver/binding-linux-x64-gnu@npm:1.12.0"
  conditions: os=linux & cpu=x64 & libc=glibc
  languageName: node
  linkType: hard

"@oxc-resolver/binding-linux-x64-musl@npm:1.12.0":
  version: 1.12.0
  resolution: "@oxc-resolver/binding-linux-x64-musl@npm:1.12.0"
  conditions: os=linux & cpu=x64 & libc=musl
  languageName: node
  linkType: hard

"@oxc-resolver/binding-wasm32-wasi@npm:1.12.0":
  version: 1.12.0
  resolution: "@oxc-resolver/binding-wasm32-wasi@npm:1.12.0"
  dependencies:
    "@napi-rs/wasm-runtime": "npm:^0.2.4"
  conditions: cpu=wasm32
  languageName: node
  linkType: hard

"@oxc-resolver/binding-win32-arm64-msvc@npm:1.12.0":
  version: 1.12.0
  resolution: "@oxc-resolver/binding-win32-arm64-msvc@npm:1.12.0"
  conditions: os=win32 & cpu=arm64
  languageName: node
  linkType: hard

"@oxc-resolver/binding-win32-x64-msvc@npm:1.12.0":
  version: 1.12.0
  resolution: "@oxc-resolver/binding-win32-x64-msvc@npm:1.12.0"
  conditions: os=win32 & cpu=x64
  languageName: node
  linkType: hard

"@swc-node/core@npm:^1.13.3":
  version: 1.13.3
  resolution: "@swc-node/core@npm:1.13.3"
  peerDependencies:
    "@swc/core": ">= 1.4.13"
    "@swc/types": ">= 0.1"
  checksum: 10c0/01f69d6124691569cedd2e6d0c6d3e33ab96d8fca6607780d64359c884750cfd77541e112e545cf37d9f0ee5fdccd57fbf9eb07cfd0ae26f8cca88c974e82e08
  languageName: node
  linkType: hard

"@swc-node/register@npm:^1.10.9":
  version: 1.10.9
  resolution: "@swc-node/register@npm:1.10.9"
  dependencies:
    "@swc-node/core": "npm:^1.13.3"
    "@swc-node/sourcemap-support": "npm:^0.5.1"
    colorette: "npm:^2.0.20"
    debug: "npm:^4.3.5"
    oxc-resolver: "npm:^1.10.2"
    pirates: "npm:^4.0.6"
    tslib: "npm:^2.6.3"
  peerDependencies:
    "@swc/core": ">= 1.4.13"
    typescript: ">= 4.3"
  checksum: 10c0/54cc40b200cd9dda881c59bfe163bed3f8790cb93befe4d0ac4c130ab9836a31edc32da856d72ab45573aeb26bb36072aa3a1a9f68547cbb5d76cff1df814d41
  languageName: node
  linkType: hard

"@swc-node/sourcemap-support@npm:^0.5.1":
  version: 0.5.1
  resolution: "@swc-node/sourcemap-support@npm:0.5.1"
  dependencies:
    source-map-support: "npm:^0.5.21"
    tslib: "npm:^2.6.3"
  checksum: 10c0/5ac7e701a0683e0e6760c8078d4bb2829daa78c4946dcc729c75588b87112afc7352f7c8cd90cea9417b5f7494418d374a354795344c4cf81152bce3d5a17853
  languageName: node
  linkType: hard

"@swc/core-darwin-arm64@npm:1.9.3":
  version: 1.9.3
  resolution: "@swc/core-darwin-arm64@npm:1.9.3"
  conditions: os=darwin & cpu=arm64
  languageName: node
  linkType: hard

"@swc/core-darwin-x64@npm:1.9.3":
  version: 1.9.3
  resolution: "@swc/core-darwin-x64@npm:1.9.3"
  conditions: os=darwin & cpu=x64
  languageName: node
  linkType: hard

"@swc/core-linux-arm-gnueabihf@npm:1.9.3":
  version: 1.9.3
  resolution: "@swc/core-linux-arm-gnueabihf@npm:1.9.3"
  conditions: os=linux & cpu=arm
  languageName: node
  linkType: hard

"@swc/core-linux-arm64-gnu@npm:1.9.3":
  version: 1.9.3
  resolution: "@swc/core-linux-arm64-gnu@npm:1.9.3"
  conditions: os=linux & cpu=arm64 & libc=glibc
  languageName: node
  linkType: hard

"@swc/core-linux-arm64-musl@npm:1.9.3":
  version: 1.9.3
  resolution: "@swc/core-linux-arm64-musl@npm:1.9.3"
  conditions: os=linux & cpu=arm64 & libc=musl
  languageName: node
  linkType: hard

"@swc/core-linux-x64-gnu@npm:1.9.3":
  version: 1.9.3
  resolution: "@swc/core-linux-x64-gnu@npm:1.9.3"
  conditions: os=linux & cpu=x64 & libc=glibc
  languageName: node
  linkType: hard

"@swc/core-linux-x64-musl@npm:1.9.3":
  version: 1.9.3
  resolution: "@swc/core-linux-x64-musl@npm:1.9.3"
  conditions: os=linux & cpu=x64 & libc=musl
  languageName: node
  linkType: hard

"@swc/core-win32-arm64-msvc@npm:1.9.3":
  version: 1.9.3
  resolution: "@swc/core-win32-arm64-msvc@npm:1.9.3"
  conditions: os=win32 & cpu=arm64
  languageName: node
  linkType: hard

"@swc/core-win32-ia32-msvc@npm:1.9.3":
  version: 1.9.3
  resolution: "@swc/core-win32-ia32-msvc@npm:1.9.3"
  conditions: os=win32 & cpu=ia32
  languageName: node
  linkType: hard

"@swc/core-win32-x64-msvc@npm:1.9.3":
  version: 1.9.3
  resolution: "@swc/core-win32-x64-msvc@npm:1.9.3"
  conditions: os=win32 & cpu=x64
  languageName: node
  linkType: hard

"@swc/core@npm:^1.9.3":
  version: 1.9.3
  resolution: "@swc/core@npm:1.9.3"
  dependencies:
    "@swc/core-darwin-arm64": "npm:1.9.3"
    "@swc/core-darwin-x64": "npm:1.9.3"
    "@swc/core-linux-arm-gnueabihf": "npm:1.9.3"
    "@swc/core-linux-arm64-gnu": "npm:1.9.3"
    "@swc/core-linux-arm64-musl": "npm:1.9.3"
    "@swc/core-linux-x64-gnu": "npm:1.9.3"
    "@swc/core-linux-x64-musl": "npm:1.9.3"
    "@swc/core-win32-arm64-msvc": "npm:1.9.3"
    "@swc/core-win32-ia32-msvc": "npm:1.9.3"
    "@swc/core-win32-x64-msvc": "npm:1.9.3"
    "@swc/counter": "npm:^0.1.3"
    "@swc/types": "npm:^0.1.17"
  peerDependencies:
    "@swc/helpers": "*"
  dependenciesMeta:
    "@swc/core-darwin-arm64":
      optional: true
    "@swc/core-darwin-x64":
      optional: true
    "@swc/core-linux-arm-gnueabihf":
      optional: true
    "@swc/core-linux-arm64-gnu":
      optional: true
    "@swc/core-linux-arm64-musl":
      optional: true
    "@swc/core-linux-x64-gnu":
      optional: true
    "@swc/core-linux-x64-musl":
      optional: true
    "@swc/core-win32-arm64-msvc":
      optional: true
    "@swc/core-win32-ia32-msvc":
      optional: true
    "@swc/core-win32-x64-msvc":
      optional: true
  peerDependenciesMeta:
    "@swc/helpers":
      optional: true
  checksum: 10c0/a9507a5be580518d51cf7f41821a89e1044be6f72930efbdf3877366c27e9ff1dbca3e1a7f18698679f8c345b6698f43cd80d7dfa24ba30dcab493de9b7a336e
  languageName: node
  linkType: hard

"@swc/counter@npm:^0.1.3":
  version: 0.1.3
  resolution: "@swc/counter@npm:0.1.3"
  checksum: 10c0/8424f60f6bf8694cfd2a9bca45845bce29f26105cda8cf19cdb9fd3e78dc6338699e4db77a89ae449260bafa1cc6bec307e81e7fb96dbf7dcfce0eea55151356
  languageName: node
  linkType: hard

"@swc/types@npm:^0.1.17":
  version: 0.1.17
  resolution: "@swc/types@npm:0.1.17"
  dependencies:
    "@swc/counter": "npm:^0.1.3"
  checksum: 10c0/29f5c8933a16042956f1adb7383e836ed7646cbf679826e78b53fdd0c08e8572cb42152e527b6b530a9bd1052d33d0972f90f589761ccd252c12652c9b7a72fc
  languageName: node
  linkType: hard

"@tybys/wasm-util@npm:^0.9.0":
  version: 0.9.0
  resolution: "@tybys/wasm-util@npm:0.9.0"
  dependencies:
    tslib: "npm:^2.4.0"
  checksum: 10c0/f9fde5c554455019f33af6c8215f1a1435028803dc2a2825b077d812bed4209a1a64444a4ca0ce2ea7e1175c8d88e2f9173a36a33c199e8a5c671aa31de8242d
  languageName: node
  linkType: hard

"@types/node@npm:^22.10.1":
  version: 22.10.1
  resolution: "@types/node@npm:22.10.1"
  dependencies:
    undici-types: "npm:~6.20.0"
  checksum: 10c0/0fbb6d29fa35d807f0223a4db709c598ac08d66820240a2cd6a8a69b8f0bc921d65b339d850a666b43b4e779f967e6ed6cf6f0fca3575e08241e6b900364c234
  languageName: node
  linkType: hard

"agent-base@npm:^7.0.2, agent-base@npm:^7.1.0":
  version: 7.1.1
  resolution: "agent-base@npm:7.1.1"
  dependencies:
    debug: "npm:^4.3.4"
  checksum: 10c0/e59ce7bed9c63bf071a30cc471f2933862044c97fd9958967bfe22521d7a0f601ce4ed5a8c011799d0c726ca70312142ae193bbebb60f576b52be19d4a363b50
  languageName: node
  linkType: hard

"asynckit@npm:^0.4.0":
  version: 0.4.0
  resolution: "asynckit@npm:0.4.0"
  checksum: 10c0/d73e2ddf20c4eb9337e1b3df1a0f6159481050a5de457c55b14ea2e5cb6d90bb69e004c9af54737a5ee0917fcf2c9e25de67777bbe58261847846066ba75bc9d
  languageName: node
  linkType: hard

"buffer-from@npm:^1.0.0":
  version: 1.1.2
  resolution: "buffer-from@npm:1.1.2"
  checksum: 10c0/124fff9d66d691a86d3b062eff4663fe437a9d9ee4b47b1b9e97f5a5d14f6d5399345db80f796827be7c95e70a8e765dd404b7c3ff3b3324f98e9b0c8826cc34
  languageName: node
  linkType: hard

"colorette@npm:^2.0.20":
  version: 2.0.20
  resolution: "colorette@npm:2.0.20"
  checksum: 10c0/e94116ff33b0ff56f3b83b9ace895e5bf87c2a7a47b3401b8c3f3226e050d5ef76cf4072fb3325f9dc24d1698f9b730baf4e05eeaf861d74a1883073f4c98a40
  languageName: node
  linkType: hard

"combined-stream@npm:^1.0.8":
  version: 1.0.8
  resolution: "combined-stream@npm:1.0.8"
  dependencies:
    delayed-stream: "npm:~1.0.0"
  checksum: 10c0/0dbb829577e1b1e839fa82b40c07ffaf7de8a09b935cadd355a73652ae70a88b4320db322f6634a4ad93424292fa80973ac6480986247f1734a1137debf271d5
  languageName: node
  linkType: hard

"commander@npm:^12.1.0":
  version: 12.1.0
  resolution: "commander@npm:12.1.0"
  checksum: 10c0/6e1996680c083b3b897bfc1cfe1c58dfbcd9842fd43e1aaf8a795fbc237f65efcc860a3ef457b318e73f29a4f4a28f6403c3d653d021d960e4632dd45bde54a9
  languageName: node
  linkType: hard

"cssstyle@npm:^4.1.0":
  version: 4.1.0
  resolution: "cssstyle@npm:4.1.0"
  dependencies:
    rrweb-cssom: "npm:^0.7.1"
  checksum: 10c0/05c6597e5d3e0ec6b15221f2c0ce9a0443a46cc50a6089a3ba9ee1ac27f83ff86a445a8f95435137dadd859f091fc61b6d342abaf396d3c910471b5b33cfcbfa
  languageName: node
  linkType: hard

"data-urls@npm:^5.0.0":
  version: 5.0.0
  resolution: "data-urls@npm:5.0.0"
  dependencies:
    whatwg-mimetype: "npm:^4.0.0"
    whatwg-url: "npm:^14.0.0"
  checksum: 10c0/1b894d7d41c861f3a4ed2ae9b1c3f0909d4575ada02e36d3d3bc584bdd84278e20709070c79c3b3bff7ac98598cb191eb3e86a89a79ea4ee1ef360e1694f92ad
  languageName: node
  linkType: hard

"debug@npm:4, debug@npm:^4.3.4, debug@npm:^4.3.5":
  version: 4.3.7
  resolution: "debug@npm:4.3.7"
  dependencies:
    ms: "npm:^2.1.3"
  peerDependenciesMeta:
    supports-color:
      optional: true
  checksum: 10c0/1471db19c3b06d485a622d62f65947a19a23fbd0dd73f7fd3eafb697eec5360cde447fb075919987899b1a2096e85d35d4eb5a4de09a57600ac9cf7e6c8e768b
  languageName: node
  linkType: hard

"decimal.js@npm:^10.4.3":
  version: 10.4.3
  resolution: "decimal.js@npm:10.4.3"
  checksum: 10c0/6d60206689ff0911f0ce968d40f163304a6c1bc739927758e6efc7921cfa630130388966f16bf6ef6b838cb33679fbe8e7a78a2f3c478afce841fd55ac8fb8ee
  languageName: node
  linkType: hard

"delayed-stream@npm:~1.0.0":
  version: 1.0.0
  resolution: "delayed-stream@npm:1.0.0"
  checksum: 10c0/d758899da03392e6712f042bec80aa293bbe9e9ff1b2634baae6a360113e708b91326594c8a486d475c69d6259afb7efacdc3537bfcda1c6c648e390ce601b19
  languageName: node
  linkType: hard

"entities@npm:^4.5.0":
  version: 4.5.0
  resolution: "entities@npm:4.5.0"
  checksum: 10c0/5b039739f7621f5d1ad996715e53d964035f75ad3b9a4d38c6b3804bb226e282ffeae2443624d8fdd9c47d8e926ae9ac009c54671243f0c3294c26af7cc85250
  languageName: node
  linkType: hard

"form-data@npm:^4.0.0":
  version: 4.0.1
  resolution: "form-data@npm:4.0.1"
  dependencies:
    asynckit: "npm:^0.4.0"
    combined-stream: "npm:^1.0.8"
    mime-types: "npm:^2.1.12"
  checksum: 10c0/bb102d570be8592c23f4ea72d7df9daa50c7792eb0cf1c5d7e506c1706e7426a4e4ae48a35b109e91c85f1c0ec63774a21ae252b66f4eb981cb8efef7d0463c8
  languageName: node
  linkType: hard

"html-encoding-sniffer@npm:^4.0.0":
  version: 4.0.0
  resolution: "html-encoding-sniffer@npm:4.0.0"
  dependencies:
    whatwg-encoding: "npm:^3.1.1"
  checksum: 10c0/523398055dc61ac9b34718a719cb4aa691e4166f29187e211e1607de63dc25ac7af52ca7c9aead0c4b3c0415ffecb17326396e1202e2e86ff4bca4c0ee4c6140
  languageName: node
  linkType: hard

"http-proxy-agent@npm:^7.0.2":
  version: 7.0.2
  resolution: "http-proxy-agent@npm:7.0.2"
  dependencies:
    agent-base: "npm:^7.1.0"
    debug: "npm:^4.3.4"
  checksum: 10c0/4207b06a4580fb85dd6dff521f0abf6db517489e70863dca1a0291daa7f2d3d2d6015a57bd702af068ea5cf9f1f6ff72314f5f5b4228d299c0904135d2aef921
  languageName: node
  linkType: hard

"https-proxy-agent@npm:^7.0.5":
  version: 7.0.5
  resolution: "https-proxy-agent@npm:7.0.5"
  dependencies:
    agent-base: "npm:^7.0.2"
    debug: "npm:4"
  checksum: 10c0/2490e3acec397abeb88807db52cac59102d5ed758feee6df6112ab3ccd8325e8a1ce8bce6f4b66e5470eca102d31e425ace904242e4fa28dbe0c59c4bafa7b2c
  languageName: node
  linkType: hard

"iconv-lite@npm:0.6.3":
  version: 0.6.3
  resolution: "iconv-lite@npm:0.6.3"
  dependencies:
    safer-buffer: "npm:>= 2.1.2 < 3.0.0"
  checksum: 10c0/98102bc66b33fcf5ac044099d1257ba0b7ad5e3ccd3221f34dd508ab4070edff183276221684e1e0555b145fce0850c9f7d2b60a9fcac50fbb4ea0d6e845a3b1
  languageName: node
  linkType: hard

"is-potential-custom-element-name@npm:^1.0.1":
  version: 1.0.1
  resolution: "is-potential-custom-element-name@npm:1.0.1"
  checksum: 10c0/b73e2f22bc863b0939941d369486d308b43d7aef1f9439705e3582bfccaa4516406865e32c968a35f97a99396dac84e2624e67b0a16b0a15086a785e16ce7db9
  languageName: node
  linkType: hard

"jsdom@npm:^25.0.1":
  version: 25.0.1
  resolution: "jsdom@npm:25.0.1"
  dependencies:
    cssstyle: "npm:^4.1.0"
    data-urls: "npm:^5.0.0"
    decimal.js: "npm:^10.4.3"
    form-data: "npm:^4.0.0"
    html-encoding-sniffer: "npm:^4.0.0"
    http-proxy-agent: "npm:^7.0.2"
    https-proxy-agent: "npm:^7.0.5"
    is-potential-custom-element-name: "npm:^1.0.1"
    nwsapi: "npm:^2.2.12"
    parse5: "npm:^7.1.2"
    rrweb-cssom: "npm:^0.7.1"
    saxes: "npm:^6.0.0"
    symbol-tree: "npm:^3.2.4"
    tough-cookie: "npm:^5.0.0"
    w3c-xmlserializer: "npm:^5.0.0"
    webidl-conversions: "npm:^7.0.0"
    whatwg-encoding: "npm:^3.1.1"
    whatwg-mimetype: "npm:^4.0.0"
    whatwg-url: "npm:^14.0.0"
    ws: "npm:^8.18.0"
    xml-name-validator: "npm:^5.0.0"
  peerDependencies:
    canvas: ^2.11.2
  peerDependenciesMeta:
    canvas:
      optional: true
  checksum: 10c0/6bda32a6dfe4e37a30568bf51136bdb3ba9c0b72aadd6356280404275a34c9e097c8c25b5eb3c742e602623741e172da977ff456684befd77c9042ed9bf8c2b4
  languageName: node
  linkType: hard

"mime-db@npm:1.52.0":
  version: 1.52.0
  resolution: "mime-db@npm:1.52.0"
  checksum: 10c0/0557a01deebf45ac5f5777fe7740b2a5c309c6d62d40ceab4e23da9f821899ce7a900b7ac8157d4548ddbb7beffe9abc621250e6d182b0397ec7f10c7b91a5aa
  languageName: node
  linkType: hard

"mime-types@npm:^2.1.12":
  version: 2.1.35
  resolution: "mime-types@npm:2.1.35"
  dependencies:
    mime-db: "npm:1.52.0"
  checksum: 10c0/82fb07ec56d8ff1fc999a84f2f217aa46cb6ed1033fefaabd5785b9a974ed225c90dc72fff460259e66b95b73648596dbcc50d51ed69cdf464af2d237d3149b2
  languageName: node
  linkType: hard

"ms@npm:^2.1.3":
  version: 2.1.3
  resolution: "ms@npm:2.1.3"
  checksum: 10c0/d924b57e7312b3b63ad21fc5b3dc0af5e78d61a1fc7cfb5457edaf26326bf62be5307cc87ffb6862ef1c2b33b0233cdb5d4f01c4c958cc0d660948b65a287a48
  languageName: node
  linkType: hard

"nwsapi@npm:^2.2.12":
  version: 2.2.13
  resolution: "nwsapi@npm:2.2.13"
  checksum: 10c0/9dbd1071bba3570ef0b046c43c03d0584c461063f27539ba39f4185188e9d5c10cb06fd4426cdb300bb83020c3daa2c8f4fa9e8a070299539ac4007433357ac0
  languageName: node
  linkType: hard

"oxc-resolver@npm:^1.10.2":
  version: 1.12.0
  resolution: "oxc-resolver@npm:1.12.0"
  dependencies:
    "@oxc-resolver/binding-darwin-arm64": "npm:1.12.0"
    "@oxc-resolver/binding-darwin-x64": "npm:1.12.0"
    "@oxc-resolver/binding-freebsd-x64": "npm:1.12.0"
    "@oxc-resolver/binding-linux-arm-gnueabihf": "npm:1.12.0"
    "@oxc-resolver/binding-linux-arm64-gnu": "npm:1.12.0"
    "@oxc-resolver/binding-linux-arm64-musl": "npm:1.12.0"
    "@oxc-resolver/binding-linux-x64-gnu": "npm:1.12.0"
    "@oxc-resolver/binding-linux-x64-musl": "npm:1.12.0"
    "@oxc-resolver/binding-wasm32-wasi": "npm:1.12.0"
    "@oxc-resolver/binding-win32-arm64-msvc": "npm:1.12.0"
    "@oxc-resolver/binding-win32-x64-msvc": "npm:1.12.0"
  dependenciesMeta:
    "@oxc-resolver/binding-darwin-arm64":
      optional: true
    "@oxc-resolver/binding-darwin-x64":
      optional: true
    "@oxc-resolver/binding-freebsd-x64":
      optional: true
    "@oxc-resolver/binding-linux-arm-gnueabihf":
      optional: true
    "@oxc-resolver/binding-linux-arm64-gnu":
      optional: true
    "@oxc-resolver/binding-linux-arm64-musl":
      optional: true
    "@oxc-resolver/binding-linux-x64-gnu":
      optional: true
    "@oxc-resolver/binding-linux-x64-musl":
      optional: true
    "@oxc-resolver/binding-wasm32-wasi":
      optional: true
    "@oxc-resolver/binding-win32-arm64-msvc":
      optional: true
    "@oxc-resolver/binding-win32-x64-msvc":
      optional: true
  checksum: 10c0/61c0b9c2f02ee91fe73e49f6d84b3e373d48aba5e86c25503369f5285d6d2d1be54b0f2026ce5d2f18acc5989f9232fa44371e7855baeb3bffbd9c0b93777dac
  languageName: node
  linkType: hard

"parse5@npm:^7.1.2":
  version: 7.2.1
  resolution: "parse5@npm:7.2.1"
  dependencies:
    entities: "npm:^4.5.0"
  checksum: 10c0/829d37a0c709215a887e410a7118d754f8e1afd7edb529db95bc7bbf8045fb0266a7b67801331d8e8d9d073ea75793624ec27ce9ff3b96862c3b9008f4d68e80
  languageName: node
  linkType: hard

"pirates@npm:^4.0.6":
  version: 4.0.6
  resolution: "pirates@npm:4.0.6"
  checksum: 10c0/00d5fa51f8dded94d7429700fb91a0c1ead00ae2c7fd27089f0c5b63e6eca36197fe46384631872690a66f390c5e27198e99006ab77ae472692ab9c2ca903f36
  languageName: node
  linkType: hard

"prettier@npm:^3.4.1":
  version: 3.4.1
  resolution: "prettier@npm:3.4.1"
  bin:
    prettier: bin/prettier.cjs
  checksum: 10c0/2d6cc3101ad9de72b49c59339480b0983e6ff6742143da0c43f476bf3b5ef88ede42ebd9956d7a0a8fa59f7a5990e8ef03c9ad4c37f7e4c9e5db43ee0853156c
  languageName: node
  linkType: hard

"punycode@npm:^2.3.1":
  version: 2.3.1
  resolution: "punycode@npm:2.3.1"
  checksum: 10c0/14f76a8206bc3464f794fb2e3d3cc665ae416c01893ad7a02b23766eb07159144ee612ad67af5e84fa4479ccfe67678c4feb126b0485651b302babf66f04f9e9
  languageName: node
  linkType: hard

"root-workspace-0b6124@workspace:.":
  version: 0.0.0-use.local
  resolution: "root-workspace-0b6124@workspace:."
  dependencies:
    "@swc-node/register": "npm:^1.10.9"
    "@swc/core": "npm:^1.9.3"
    "@types/node": "npm:^22.10.1"
    commander: "npm:^12.1.0"
    jsdom: "npm:^25.0.1"
    prettier: "npm:^3.4.1"
    typescript: "npm:^5.7.2"
  dependenciesMeta:
    commander@12.1.0:
      unplugged: true
  languageName: unknown
  linkType: soft

"rrweb-cssom@npm:^0.7.1":
  version: 0.7.1
  resolution: "rrweb-cssom@npm:0.7.1"
  checksum: 10c0/127b8ca6c8aac45e2755abbae6138d4a813b1bedc2caabf79466ae83ab3cfc84b5bfab513b7033f0aa4561c7753edf787d0dd01163ceacdee2e8eb1b6bf7237e
  languageName: node
  linkType: hard

"safer-buffer@npm:>= 2.1.2 < 3.0.0":
  version: 2.1.2
  resolution: "safer-buffer@npm:2.1.2"
  checksum: 10c0/7e3c8b2e88a1841c9671094bbaeebd94448111dd90a81a1f606f3f67708a6ec57763b3b47f06da09fc6054193e0e6709e77325415dc8422b04497a8070fa02d4
  languageName: node
  linkType: hard

"saxes@npm:^6.0.0":
  version: 6.0.0
  resolution: "saxes@npm:6.0.0"
  dependencies:
    xmlchars: "npm:^2.2.0"
  checksum: 10c0/3847b839f060ef3476eb8623d099aa502ad658f5c40fd60c105ebce86d244389b0d76fcae30f4d0c728d7705ceb2f7e9b34bb54717b6a7dbedaf5dad2d9a4b74
  languageName: node
  linkType: hard

"source-map-support@npm:^0.5.21":
  version: 0.5.21
  resolution: "source-map-support@npm:0.5.21"
  dependencies:
    buffer-from: "npm:^1.0.0"
    source-map: "npm:^0.6.0"
  checksum: 10c0/9ee09942f415e0f721d6daad3917ec1516af746a8120bba7bb56278707a37f1eb8642bde456e98454b8a885023af81a16e646869975f06afc1a711fb90484e7d
  languageName: node
  linkType: hard

"source-map@npm:^0.6.0":
  version: 0.6.1
  resolution: "source-map@npm:0.6.1"
  checksum: 10c0/ab55398007c5e5532957cb0beee2368529618ac0ab372d789806f5718123cc4367d57de3904b4e6a4170eb5a0b0f41373066d02ca0735a0c4d75c7d328d3e011
  languageName: node
  linkType: hard

"symbol-tree@npm:^3.2.4":
  version: 3.2.4
  resolution: "symbol-tree@npm:3.2.4"
  checksum: 10c0/dfbe201ae09ac6053d163578778c53aa860a784147ecf95705de0cd23f42c851e1be7889241495e95c37cabb058edb1052f141387bef68f705afc8f9dd358509
  languageName: node
  linkType: hard

"tldts-core@npm:^6.1.64":
  version: 6.1.64
  resolution: "tldts-core@npm:6.1.64"
  checksum: 10c0/e5f562c5c46bbea520db3a5675f63c679cd4f107b716031899f1b65f333677ef413a321492c06c1745d0e0e7f9f686cb862cd286adc62332c83a18782cfbb0f4
  languageName: node
  linkType: hard

"tldts@npm:^6.1.32":
  version: 6.1.64
  resolution: "tldts@npm:6.1.64"
  dependencies:
    tldts-core: "npm:^6.1.64"
  bin:
    tldts: bin/cli.js
  checksum: 10c0/d30b0501a57f9ad918ce5c6ee49ac67d37f5e81db482a0ff274a634bbb35360086e815f82d35990d1327655cd26a96ac0205916ae8aabe9ec60a5632c359e3bc
  languageName: node
  linkType: hard

"tough-cookie@npm:^5.0.0":
  version: 5.0.0
  resolution: "tough-cookie@npm:5.0.0"
  dependencies:
    tldts: "npm:^6.1.32"
  checksum: 10c0/4a69c885bf6f45c5a64e60262af99e8c0d58a33bd3d0ce5da62121eeb9c00996d0128a72df8fc4614cbde59cc8b70aa3e21e4c3c98c2bbde137d7aba7fa00124
  languageName: node
  linkType: hard

"tr46@npm:^5.0.0":
  version: 5.0.0
  resolution: "tr46@npm:5.0.0"
  dependencies:
    punycode: "npm:^2.3.1"
  checksum: 10c0/1521b6e7bbc8adc825c4561480f9fe48eb2276c81335eed9fa610aa4c44a48a3221f78b10e5f18b875769eb3413e30efbf209ed556a17a42aa8d690df44b7bee
  languageName: node
  linkType: hard

"tslib@npm:^2.4.0, tslib@npm:^2.6.3":
  version: 2.8.1
  resolution: "tslib@npm:2.8.1"
  checksum: 10c0/9c4759110a19c53f992d9aae23aac5ced636e99887b51b9e61def52611732872ff7668757d4e4c61f19691e36f4da981cd9485e869b4a7408d689f6bf1f14e62
  languageName: node
  linkType: hard

"typescript@npm:^5.7.2":
  version: 5.7.2
  resolution: "typescript@npm:5.7.2"
  bin:
    tsc: bin/tsc
    tsserver: bin/tsserver
  checksum: 10c0/a873118b5201b2ef332127ef5c63fb9d9c155e6fdbe211cbd9d8e65877283797cca76546bad742eea36ed7efbe3424a30376818f79c7318512064e8625d61622
  languageName: node
  linkType: hard

"typescript@patch:typescript@npm%3A^5.7.2#optional!builtin<compat/typescript>":
  version: 5.7.2
  resolution: "typescript@patch:typescript@npm%3A5.7.2#optional!builtin<compat/typescript>::version=5.7.2&hash=5786d5"
  bin:
    tsc: bin/tsc
    tsserver: bin/tsserver
  checksum: 10c0/f3b8082c9d1d1629a215245c9087df56cb784f9fb6f27b5d55577a20e68afe2a889c040aacff6d27e35be165ecf9dca66e694c42eb9a50b3b2c451b36b5675cb
  languageName: node
  linkType: hard

"undici-types@npm:~6.20.0":
  version: 6.20.0
  resolution: "undici-types@npm:6.20.0"
  checksum: 10c0/68e659a98898d6a836a9a59e6adf14a5d799707f5ea629433e025ac90d239f75e408e2e5ff086afc3cace26f8b26ee52155293564593fbb4a2f666af57fc59bf
  languageName: node
  linkType: hard

"w3c-xmlserializer@npm:^5.0.0":
  version: 5.0.0
  resolution: "w3c-xmlserializer@npm:5.0.0"
  dependencies:
    xml-name-validator: "npm:^5.0.0"
  checksum: 10c0/8712774c1aeb62dec22928bf1cdfd11426c2c9383a1a63f2bcae18db87ca574165a0fbe96b312b73652149167ac6c7f4cf5409f2eb101d9c805efe0e4bae798b
  languageName: node
  linkType: hard

"webidl-conversions@npm:^7.0.0":
  version: 7.0.0
  resolution: "webidl-conversions@npm:7.0.0"
  checksum: 10c0/228d8cb6d270c23b0720cb2d95c579202db3aaf8f633b4e9dd94ec2000a04e7e6e43b76a94509cdb30479bd00ae253ab2371a2da9f81446cc313f89a4213a2c4
  languageName: node
  linkType: hard

"whatwg-encoding@npm:^3.1.1":
  version: 3.1.1
  resolution: "whatwg-encoding@npm:3.1.1"
  dependencies:
    iconv-lite: "npm:0.6.3"
  checksum: 10c0/273b5f441c2f7fda3368a496c3009edbaa5e43b71b09728f90425e7f487e5cef9eb2b846a31bd760dd8077739c26faf6b5ca43a5f24033172b003b72cf61a93e
  languageName: node
  linkType: hard

"whatwg-mimetype@npm:^4.0.0":
  version: 4.0.0
  resolution: "whatwg-mimetype@npm:4.0.0"
  checksum: 10c0/a773cdc8126b514d790bdae7052e8bf242970cebd84af62fb2f35a33411e78e981f6c0ab9ed1fe6ec5071b09d5340ac9178e05b52d35a9c4bcf558ba1b1551df
  languageName: node
  linkType: hard

"whatwg-url@npm:^14.0.0":
  version: 14.0.0
  resolution: "whatwg-url@npm:14.0.0"
  dependencies:
    tr46: "npm:^5.0.0"
    webidl-conversions: "npm:^7.0.0"
  checksum: 10c0/ac32e9ba9d08744605519bbe9e1371174d36229689ecc099157b6ba102d4251a95e81d81f3d80271eb8da182eccfa65653f07f0ab43ea66a6934e643fd091ba9
  languageName: node
  linkType: hard

"ws@npm:^8.18.0":
  version: 8.18.0
  resolution: "ws@npm:8.18.0"
  peerDependencies:
    bufferutil: ^4.0.1
    utf-8-validate: ">=5.0.2"
  peerDependenciesMeta:
    bufferutil:
      optional: true
    utf-8-validate:
      optional: true
  checksum: 10c0/25eb33aff17edcb90721ed6b0eb250976328533ad3cd1a28a274bd263682e7296a6591ff1436d6cbc50fa67463158b062f9d1122013b361cec99a05f84680e06
  languageName: node
  linkType: hard

"xml-name-validator@npm:^5.0.0":
  version: 5.0.0
  resolution: "xml-name-validator@npm:5.0.0"
  checksum: 10c0/3fcf44e7b73fb18be917fdd4ccffff3639373c7cb83f8fc35df6001fecba7942f1dbead29d91ebb8315e2f2ff786b508f0c9dc0215b6353f9983c6b7d62cb1f5
  languageName: node
  linkType: hard

"xmlchars@npm:^2.2.0":
  version: 2.2.0
  resolution: "xmlchars@npm:2.2.0"
  checksum: 10c0/b64b535861a6f310c5d9bfa10834cf49127c71922c297da9d4d1b45eeaae40bf9b4363275876088fbe2667e5db028d2cd4f8ee72eed9bede840a67d57dab7593
  languageName: node
  linkType: hard
